
Microsoft Visual Studio Solution File, Format Version 12.00
# Visual Studio 15
VisualStudioVersion = 15.0.26730.16
MinimumVisualStudioVersion = 10.0.40219.1
Project("{FAE04EC0-301F-11D3-BF4B-00C04F79EFBC}") = "SumDigit", "SumDigit\SumDigit.csproj", "{9F303920-2A41-4A55-B0C5-4AFA41EF91D5}"
EndProject
Global
	GlobalSection(SolutionConfigurationPlatforms) = preSolution
		Debug|Any CPU = Debug|Any CPU
		Release|Any CPU = Release|Any CPU
	EndGlobalSection
	GlobalSection(ProjectConfigurationPlatforms) = postSolution
		{9F303920-2A41-4A55-B0C5-4AFA41EF91D5}.Debug|Any CPU.ActiveCfg = Debug|Any CPU
		{9F303920-2A41-4A55-B0C5-4AFA41EF91D5}.Debug|Any CPU.Build.0 = Debug|Any CPU
		{9F303920-2A41-4A55-B0C5-4AFA41EF91D5}.Release|Any CPU.ActiveCfg = Release|Any CPU
		{9F303920-2A41-4A55-B0C5-4AFA41EF91D5}.Release|Any CPU.Build.0 = Release|Any CPU
	EndGlobalSection
	GlobalSection(SolutionProperties) = preSolution
		HideSolutionNode = FALSE
	EndGlobalSection
	GlobalSection(ExtensibilityGlobals) = postSolution
		SolutionGuid = {CBD444ED-FE12-4A64-8107-CF03476B669F}
	EndGlobalSection
EndGlobal
