
Microsoft Visual Studio Solution File, Format Version 12.00
# Visual Studio 15
VisualStudioVersion = 15.0.27004.2005
MinimumVisualStudioVersion = 10.0.40219.1
Project("{FAE04EC0-301F-11D3-BF4B-00C04F79EFBC}") = "CounterApp", "CounterApp\CounterApp.csproj", "{B7807297-0BFF-4DD4-974F-4A5666905B75}"
EndProject
Global
	GlobalSection(SolutionConfigurationPlatforms) = preSolution
		Debug|Any CPU = Debug|Any CPU
		Release|Any CPU = Release|Any CPU
	EndGlobalSection
	GlobalSection(ProjectConfigurationPlatforms) = postSolution
		{B7807297-0BFF-4DD4-974F-4A5666905B75}.Debug|Any CPU.ActiveCfg = Debug|Any CPU
		{B7807297-0BFF-4DD4-974F-4A5666905B75}.Debug|Any CPU.Build.0 = Debug|Any CPU
		{B7807297-0BFF-4DD4-974F-4A5666905B75}.Release|Any CPU.ActiveCfg = Release|Any CPU
		{B7807297-0BFF-4DD4-974F-4A5666905B75}.Release|Any CPU.Build.0 = Release|Any CPU
	EndGlobalSection
	GlobalSection(SolutionProperties) = preSolution
		HideSolutionNode = FALSE
	EndGlobalSection
	GlobalSection(ExtensibilityGlobals) = postSolution
		SolutionGuid = {FDEB5CE0-334A-474F-AA4A-7A80082361E0}
	EndGlobalSection
EndGlobal
