
Microsoft Visual Studio Solution File, Format Version 12.00
# Visual Studio 15
VisualStudioVersion = 15.0.27004.2005
MinimumVisualStudioVersion = 10.0.40219.1
Project("{FAE04EC0-301F-11D3-BF4B-00C04F79EFBC}") = "NewReddit", "NewReddit\NewReddit.csproj", "{BB2B8812-9A50-44BB-A1AF-F8994C3AA828}"
EndProject
Global
	GlobalSection(SolutionConfigurationPlatforms) = preSolution
		Debug|Any CPU = Debug|Any CPU
		Release|Any CPU = Release|Any CPU
	EndGlobalSection
	GlobalSection(ProjectConfigurationPlatforms) = postSolution
		{BB2B8812-9A50-44BB-A1AF-F8994C3AA828}.Debug|Any CPU.ActiveCfg = Debug|Any CPU
		{BB2B8812-9A50-44BB-A1AF-F8994C3AA828}.Debug|Any CPU.Build.0 = Debug|Any CPU
		{BB2B8812-9A50-44BB-A1AF-F8994C3AA828}.Release|Any CPU.ActiveCfg = Release|Any CPU
		{BB2B8812-9A50-44BB-A1AF-F8994C3AA828}.Release|Any CPU.Build.0 = Release|Any CPU
	EndGlobalSection
	GlobalSection(SolutionProperties) = preSolution
		HideSolutionNode = FALSE
	EndGlobalSection
	GlobalSection(ExtensibilityGlobals) = postSolution
		SolutionGuid = {3CB35232-DF67-49D9-9AC8-6E79D12AE7B2}
	EndGlobalSection
EndGlobal
