
Microsoft Visual Studio Solution File, Format Version 12.00
# Visual Studio 15
VisualStudioVersion = 15.0.26730.12
MinimumVisualStudioVersion = 10.0.40219.1
Project("{FAE04EC0-301F-11D3-BF4B-00C04F79EFBC}") = "UrlFixer", "UrlFixer\UrlFixer.csproj", "{E055AFEA-D356-4F0B-8ACC-865AFDF6D862}"
EndProject
Global
	GlobalSection(SolutionConfigurationPlatforms) = preSolution
		Debug|Any CPU = Debug|Any CPU
		Release|Any CPU = Release|Any CPU
	EndGlobalSection
	GlobalSection(ProjectConfigurationPlatforms) = postSolution
		{E055AFEA-D356-4F0B-8ACC-865AFDF6D862}.Debug|Any CPU.ActiveCfg = Debug|Any CPU
		{E055AFEA-D356-4F0B-8ACC-865AFDF6D862}.Debug|Any CPU.Build.0 = Debug|Any CPU
		{E055AFEA-D356-4F0B-8ACC-865AFDF6D862}.Release|Any CPU.ActiveCfg = Release|Any CPU
		{E055AFEA-D356-4F0B-8ACC-865AFDF6D862}.Release|Any CPU.Build.0 = Release|Any CPU
	EndGlobalSection
	GlobalSection(SolutionProperties) = preSolution
		HideSolutionNode = FALSE
	EndGlobalSection
	GlobalSection(ExtensibilityGlobals) = postSolution
		SolutionGuid = {B2B45CEF-D964-48E6-A72E-F8C401B83B39}
	EndGlobalSection
EndGlobal
