
Microsoft Visual Studio Solution File, Format Version 12.00
# Visual Studio 15
VisualStudioVersion = 15.0.26730.12
MinimumVisualStudioVersion = 10.0.40219.1
Project("{FAE04EC0-301F-11D3-BF4B-00C04F79EFBC}") = "DefineBasicInfo", "DefineBasicInfo\DefineBasicInfo.csproj", "{CC18116A-667C-43AC-8806-B4A94A67DD69}"
EndProject
Global
	GlobalSection(SolutionConfigurationPlatforms) = preSolution
		Debug|Any CPU = Debug|Any CPU
		Release|Any CPU = Release|Any CPU
	EndGlobalSection
	GlobalSection(ProjectConfigurationPlatforms) = postSolution
		{CC18116A-667C-43AC-8806-B4A94A67DD69}.Debug|Any CPU.ActiveCfg = Debug|Any CPU
		{CC18116A-667C-43AC-8806-B4A94A67DD69}.Debug|Any CPU.Build.0 = Debug|Any CPU
		{CC18116A-667C-43AC-8806-B4A94A67DD69}.Release|Any CPU.ActiveCfg = Release|Any CPU
		{CC18116A-667C-43AC-8806-B4A94A67DD69}.Release|Any CPU.Build.0 = Release|Any CPU
	EndGlobalSection
	GlobalSection(SolutionProperties) = preSolution
		HideSolutionNode = FALSE
	EndGlobalSection
	GlobalSection(ExtensibilityGlobals) = postSolution
		SolutionGuid = {6CD88536-6850-47BF-9041-1875AEC2EF9E}
	EndGlobalSection
EndGlobal
