
Microsoft Visual Studio Solution File, Format Version 12.00
# Visual Studio 15
VisualStudioVersion = 15.0.26730.16
MinimumVisualStudioVersion = 10.0.40219.1
Project("{FAE04EC0-301F-11D3-BF4B-00C04F79EFBC}") = "Apple", "Apple\Apple.csproj", "{186B54D4-6BC6-4381-8EFE-4189A92F704F}"
EndProject
Project("{FAE04EC0-301F-11D3-BF4B-00C04F79EFBC}") = "AppleTest", "AppleTest\AppleTest.csproj", "{2DEACDBB-41A1-4CD3-ACEA-8244027C58D8}"
EndProject
Global
	GlobalSection(SolutionConfigurationPlatforms) = preSolution
		Debug|Any CPU = Debug|Any CPU
		Release|Any CPU = Release|Any CPU
	EndGlobalSection
	GlobalSection(ProjectConfigurationPlatforms) = postSolution
		{186B54D4-6BC6-4381-8EFE-4189A92F704F}.Debug|Any CPU.ActiveCfg = Debug|Any CPU
		{186B54D4-6BC6-4381-8EFE-4189A92F704F}.Debug|Any CPU.Build.0 = Debug|Any CPU
		{186B54D4-6BC6-4381-8EFE-4189A92F704F}.Release|Any CPU.ActiveCfg = Release|Any CPU
		{186B54D4-6BC6-4381-8EFE-4189A92F704F}.Release|Any CPU.Build.0 = Release|Any CPU
		{2DEACDBB-41A1-4CD3-ACEA-8244027C58D8}.Debug|Any CPU.ActiveCfg = Debug|Any CPU
		{2DEACDBB-41A1-4CD3-ACEA-8244027C58D8}.Debug|Any CPU.Build.0 = Debug|Any CPU
		{2DEACDBB-41A1-4CD3-ACEA-8244027C58D8}.Release|Any CPU.ActiveCfg = Release|Any CPU
		{2DEACDBB-41A1-4CD3-ACEA-8244027C58D8}.Release|Any CPU.Build.0 = Release|Any CPU
	EndGlobalSection
	GlobalSection(SolutionProperties) = preSolution
		HideSolutionNode = FALSE
	EndGlobalSection
	GlobalSection(ExtensibilityGlobals) = postSolution
		SolutionGuid = {5D085672-971B-4714-B484-B690504CCF12}
	EndGlobalSection
EndGlobal
