
Microsoft Visual Studio Solution File, Format Version 12.00
# Visual Studio 15
VisualStudioVersion = 15.0.26730.12
MinimumVisualStudioVersion = 10.0.40219.1
Project("{FAE04EC0-301F-11D3-BF4B-00C04F79EFBC}") = "hellome", "hellome\hellome.csproj", "{3A2E738B-B0AB-4B38-BBE0-2AD7C203297B}"
EndProject
Global
	GlobalSection(SolutionConfigurationPlatforms) = preSolution
		Debug|Any CPU = Debug|Any CPU
		Release|Any CPU = Release|Any CPU
	EndGlobalSection
	GlobalSection(ProjectConfigurationPlatforms) = postSolution
		{3A2E738B-B0AB-4B38-BBE0-2AD7C203297B}.Debug|Any CPU.ActiveCfg = Debug|Any CPU
		{3A2E738B-B0AB-4B38-BBE0-2AD7C203297B}.Debug|Any CPU.Build.0 = Debug|Any CPU
		{3A2E738B-B0AB-4B38-BBE0-2AD7C203297B}.Release|Any CPU.ActiveCfg = Release|Any CPU
		{3A2E738B-B0AB-4B38-BBE0-2AD7C203297B}.Release|Any CPU.Build.0 = Release|Any CPU
	EndGlobalSection
	GlobalSection(SolutionProperties) = preSolution
		HideSolutionNode = FALSE
	EndGlobalSection
	GlobalSection(ExtensibilityGlobals) = postSolution
		SolutionGuid = {CB013BD7-0D02-4780-9B07-D87792A7785A}
	EndGlobalSection
EndGlobal
