
Microsoft Visual Studio Solution File, Format Version 12.00
# Visual Studio 15
VisualStudioVersion = 15.0.26730.12
MinimumVisualStudioVersion = 10.0.40219.1
Project("{FAE04EC0-301F-11D3-BF4B-00C04F79EFBC}") = "SolarSystem", "SolarSystem\SolarSystem.csproj", "{0327031F-64B2-4440-BCB1-9EE937248C5B}"
EndProject
Global
	GlobalSection(SolutionConfigurationPlatforms) = preSolution
		Debug|Any CPU = Debug|Any CPU
		Release|Any CPU = Release|Any CPU
	EndGlobalSection
	GlobalSection(ProjectConfigurationPlatforms) = postSolution
		{0327031F-64B2-4440-BCB1-9EE937248C5B}.Debug|Any CPU.ActiveCfg = Debug|Any CPU
		{0327031F-64B2-4440-BCB1-9EE937248C5B}.Debug|Any CPU.Build.0 = Debug|Any CPU
		{0327031F-64B2-4440-BCB1-9EE937248C5B}.Release|Any CPU.ActiveCfg = Release|Any CPU
		{0327031F-64B2-4440-BCB1-9EE937248C5B}.Release|Any CPU.Build.0 = Release|Any CPU
	EndGlobalSection
	GlobalSection(SolutionProperties) = preSolution
		HideSolutionNode = FALSE
	EndGlobalSection
	GlobalSection(ExtensibilityGlobals) = postSolution
		SolutionGuid = {17EBAA8D-D31C-4CAA-88F3-50A1F3182CCB}
	EndGlobalSection
EndGlobal
