
Microsoft Visual Studio Solution File, Format Version 12.00
# Visual Studio 15
VisualStudioVersion = 15.0.26730.16
MinimumVisualStudioVersion = 10.0.40219.1
Project("{FAE04EC0-301F-11D3-BF4B-00C04F79EFBC}") = "SCarpet", "SCarpet\SCarpet.csproj", "{BD07D95B-5131-4D21-97BC-79F3EDF93794}"
EndProject
Global
	GlobalSection(SolutionConfigurationPlatforms) = preSolution
		Debug|Any CPU = Debug|Any CPU
		Release|Any CPU = Release|Any CPU
	EndGlobalSection
	GlobalSection(ProjectConfigurationPlatforms) = postSolution
		{BD07D95B-5131-4D21-97BC-79F3EDF93794}.Debug|Any CPU.ActiveCfg = Debug|Any CPU
		{BD07D95B-5131-4D21-97BC-79F3EDF93794}.Debug|Any CPU.Build.0 = Debug|Any CPU
		{BD07D95B-5131-4D21-97BC-79F3EDF93794}.Release|Any CPU.ActiveCfg = Release|Any CPU
		{BD07D95B-5131-4D21-97BC-79F3EDF93794}.Release|Any CPU.Build.0 = Release|Any CPU
	EndGlobalSection
	GlobalSection(SolutionProperties) = preSolution
		HideSolutionNode = FALSE
	EndGlobalSection
	GlobalSection(ExtensibilityGlobals) = postSolution
		SolutionGuid = {A4CD70BA-2134-49C8-AAA6-0BCAD17F5568}
	EndGlobalSection
EndGlobal
