
Microsoft Visual Studio Solution File, Format Version 12.00
# Visual Studio 15
VisualStudioVersion = 15.0.26730.16
MinimumVisualStudioVersion = 10.0.40219.1
Project("{FAE04EC0-301F-11D3-BF4B-00C04F79EFBC}") = "AircraftCarrier", "AircraftCarrier\AircraftCarrier.csproj", "{42486E4C-33BB-4BE2-8DA9-92926D19541D}"
EndProject
Global
	GlobalSection(SolutionConfigurationPlatforms) = preSolution
		Debug|Any CPU = Debug|Any CPU
		Release|Any CPU = Release|Any CPU
	EndGlobalSection
	GlobalSection(ProjectConfigurationPlatforms) = postSolution
		{42486E4C-33BB-4BE2-8DA9-92926D19541D}.Debug|Any CPU.ActiveCfg = Debug|Any CPU
		{42486E4C-33BB-4BE2-8DA9-92926D19541D}.Debug|Any CPU.Build.0 = Debug|Any CPU
		{42486E4C-33BB-4BE2-8DA9-92926D19541D}.Release|Any CPU.ActiveCfg = Release|Any CPU
		{42486E4C-33BB-4BE2-8DA9-92926D19541D}.Release|Any CPU.Build.0 = Release|Any CPU
	EndGlobalSection
	GlobalSection(SolutionProperties) = preSolution
		HideSolutionNode = FALSE
	EndGlobalSection
	GlobalSection(ExtensibilityGlobals) = postSolution
		SolutionGuid = {E2C26DBF-E8D6-433D-A736-6F413F2515E5}
	EndGlobalSection
EndGlobal
