
Microsoft Visual Studio Solution File, Format Version 12.00
# Visual Studio 15
VisualStudioVersion = 15.0.26730.12
MinimumVisualStudioVersion = 10.0.40219.1
Project("{FAE04EC0-301F-11D3-BF4B-00C04F79EFBC}") = "Printer", "Printer\Printer.csproj", "{B21129EF-C802-4BE6-B183-893CA303B994}"
EndProject
Global
	GlobalSection(SolutionConfigurationPlatforms) = preSolution
		Debug|Any CPU = Debug|Any CPU
		Release|Any CPU = Release|Any CPU
	EndGlobalSection
	GlobalSection(ProjectConfigurationPlatforms) = postSolution
		{B21129EF-C802-4BE6-B183-893CA303B994}.Debug|Any CPU.ActiveCfg = Debug|Any CPU
		{B21129EF-C802-4BE6-B183-893CA303B994}.Debug|Any CPU.Build.0 = Debug|Any CPU
		{B21129EF-C802-4BE6-B183-893CA303B994}.Release|Any CPU.ActiveCfg = Release|Any CPU
		{B21129EF-C802-4BE6-B183-893CA303B994}.Release|Any CPU.Build.0 = Release|Any CPU
	EndGlobalSection
	GlobalSection(SolutionProperties) = preSolution
		HideSolutionNode = FALSE
	EndGlobalSection
	GlobalSection(ExtensibilityGlobals) = postSolution
		SolutionGuid = {E50D53C3-8342-42DA-B1E8-3B7C5DE3013E}
	EndGlobalSection
EndGlobal
