
Microsoft Visual Studio Solution File, Format Version 12.00
# Visual Studio 15
VisualStudioVersion = 15.0.26730.12
MinimumVisualStudioVersion = 10.0.40219.1
Project("{FAE04EC0-301F-11D3-BF4B-00C04F79EFBC}") = "Sum", "Sum\Sum.csproj", "{36DEEB35-23F2-4937-8FCB-B788C709F419}"
EndProject
Global
	GlobalSection(SolutionConfigurationPlatforms) = preSolution
		Debug|Any CPU = Debug|Any CPU
		Release|Any CPU = Release|Any CPU
	EndGlobalSection
	GlobalSection(ProjectConfigurationPlatforms) = postSolution
		{36DEEB35-23F2-4937-8FCB-B788C709F419}.Debug|Any CPU.ActiveCfg = Debug|Any CPU
		{36DEEB35-23F2-4937-8FCB-B788C709F419}.Debug|Any CPU.Build.0 = Debug|Any CPU
		{36DEEB35-23F2-4937-8FCB-B788C709F419}.Release|Any CPU.ActiveCfg = Release|Any CPU
		{36DEEB35-23F2-4937-8FCB-B788C709F419}.Release|Any CPU.Build.0 = Release|Any CPU
	EndGlobalSection
	GlobalSection(SolutionProperties) = preSolution
		HideSolutionNode = FALSE
	EndGlobalSection
	GlobalSection(ExtensibilityGlobals) = postSolution
		SolutionGuid = {D03F10E7-91D3-44B9-8E0B-B00F3C47BC0C}
	EndGlobalSection
EndGlobal
