
Microsoft Visual Studio Solution File, Format Version 12.00
# Visual Studio 15
VisualStudioVersion = 15.0.26730.12
MinimumVisualStudioVersion = 10.0.40219.1
Project("{FAE04EC0-301F-11D3-BF4B-00C04F79EFBC}") = "VariableMutation", "VariableMutation\VariableMutation.csproj", "{1DA04834-DE73-4EA9-9ADE-5E7A83145B9E}"
EndProject
Global
	GlobalSection(SolutionConfigurationPlatforms) = preSolution
		Debug|Any CPU = Debug|Any CPU
		Release|Any CPU = Release|Any CPU
	EndGlobalSection
	GlobalSection(ProjectConfigurationPlatforms) = postSolution
		{1DA04834-DE73-4EA9-9ADE-5E7A83145B9E}.Debug|Any CPU.ActiveCfg = Debug|Any CPU
		{1DA04834-DE73-4EA9-9ADE-5E7A83145B9E}.Debug|Any CPU.Build.0 = Debug|Any CPU
		{1DA04834-DE73-4EA9-9ADE-5E7A83145B9E}.Release|Any CPU.ActiveCfg = Release|Any CPU
		{1DA04834-DE73-4EA9-9ADE-5E7A83145B9E}.Release|Any CPU.Build.0 = Release|Any CPU
	EndGlobalSection
	GlobalSection(SolutionProperties) = preSolution
		HideSolutionNode = FALSE
	EndGlobalSection
	GlobalSection(ExtensibilityGlobals) = postSolution
		SolutionGuid = {71182D8B-554B-4E45-A49F-3EE46CD48053}
	EndGlobalSection
EndGlobal
