
Microsoft Visual Studio Solution File, Format Version 12.00
# Visual Studio 15
VisualStudioVersion = 15.0.26730.16
MinimumVisualStudioVersion = 10.0.40219.1
Project("{FAE04EC0-301F-11D3-BF4B-00C04F79EFBC}") = "SierpinskiCarpet", "SierpinskiCarpet\SierpinskiCarpet.csproj", "{7CFD42A3-BC47-41C9-81E5-2AEB7A6001E2}"
EndProject
Global
	GlobalSection(SolutionConfigurationPlatforms) = preSolution
		Debug|Any CPU = Debug|Any CPU
		Release|Any CPU = Release|Any CPU
	EndGlobalSection
	GlobalSection(ProjectConfigurationPlatforms) = postSolution
		{7CFD42A3-BC47-41C9-81E5-2AEB7A6001E2}.Debug|Any CPU.ActiveCfg = Debug|Any CPU
		{7CFD42A3-BC47-41C9-81E5-2AEB7A6001E2}.Debug|Any CPU.Build.0 = Debug|Any CPU
		{7CFD42A3-BC47-41C9-81E5-2AEB7A6001E2}.Release|Any CPU.ActiveCfg = Release|Any CPU
		{7CFD42A3-BC47-41C9-81E5-2AEB7A6001E2}.Release|Any CPU.Build.0 = Release|Any CPU
	EndGlobalSection
	GlobalSection(SolutionProperties) = preSolution
		HideSolutionNode = FALSE
	EndGlobalSection
	GlobalSection(ExtensibilityGlobals) = postSolution
		SolutionGuid = {53779F46-F0BE-47AB-AACB-66A0AB0E3240}
	EndGlobalSection
EndGlobal
