
Microsoft Visual Studio Solution File, Format Version 12.00
# Visual Studio 15
VisualStudioVersion = 15.0.26730.16
MinimumVisualStudioVersion = 10.0.40219.1
Project("{FAE04EC0-301F-11D3-BF4B-00C04F79EFBC}") = "Circles", "Circles\Circles.csproj", "{0D013E5B-880E-4021-9BD7-D032AE26D2E3}"
EndProject
Global
	GlobalSection(SolutionConfigurationPlatforms) = preSolution
		Debug|Any CPU = Debug|Any CPU
		Release|Any CPU = Release|Any CPU
	EndGlobalSection
	GlobalSection(ProjectConfigurationPlatforms) = postSolution
		{0D013E5B-880E-4021-9BD7-D032AE26D2E3}.Debug|Any CPU.ActiveCfg = Debug|Any CPU
		{0D013E5B-880E-4021-9BD7-D032AE26D2E3}.Debug|Any CPU.Build.0 = Debug|Any CPU
		{0D013E5B-880E-4021-9BD7-D032AE26D2E3}.Release|Any CPU.ActiveCfg = Release|Any CPU
		{0D013E5B-880E-4021-9BD7-D032AE26D2E3}.Release|Any CPU.Build.0 = Release|Any CPU
	EndGlobalSection
	GlobalSection(SolutionProperties) = preSolution
		HideSolutionNode = FALSE
	EndGlobalSection
	GlobalSection(ExtensibilityGlobals) = postSolution
		SolutionGuid = {34B72DDB-45B0-4998-8895-63E77705D867}
	EndGlobalSection
EndGlobal
