
Microsoft Visual Studio Solution File, Format Version 12.00
# Visual Studio 15
VisualStudioVersion = 15.0.26730.16
MinimumVisualStudioVersion = 10.0.40219.1
Project("{FAE04EC0-301F-11D3-BF4B-00C04F79EFBC}") = "String3", "String3\String3.csproj", "{956F1220-A478-497B-9A75-F250E99C3C2B}"
EndProject
Global
	GlobalSection(SolutionConfigurationPlatforms) = preSolution
		Debug|Any CPU = Debug|Any CPU
		Release|Any CPU = Release|Any CPU
	EndGlobalSection
	GlobalSection(ProjectConfigurationPlatforms) = postSolution
		{956F1220-A478-497B-9A75-F250E99C3C2B}.Debug|Any CPU.ActiveCfg = Debug|Any CPU
		{956F1220-A478-497B-9A75-F250E99C3C2B}.Debug|Any CPU.Build.0 = Debug|Any CPU
		{956F1220-A478-497B-9A75-F250E99C3C2B}.Release|Any CPU.ActiveCfg = Release|Any CPU
		{956F1220-A478-497B-9A75-F250E99C3C2B}.Release|Any CPU.Build.0 = Release|Any CPU
	EndGlobalSection
	GlobalSection(SolutionProperties) = preSolution
		HideSolutionNode = FALSE
	EndGlobalSection
	GlobalSection(ExtensibilityGlobals) = postSolution
		SolutionGuid = {1E69D1C0-2C31-44BB-A070-FF9E4EF5F540}
	EndGlobalSection
EndGlobal
