
Microsoft Visual Studio Solution File, Format Version 12.00
# Visual Studio 15
VisualStudioVersion = 15.0.26730.12
MinimumVisualStudioVersion = 10.0.40219.1
Project("{FAE04EC0-301F-11D3-BF4B-00C04F79EFBC}") = "MultiplicationTable", "MultiplicationTable\MultiplicationTable.csproj", "{60BEC9D2-F8F3-464B-B2F8-6CC53CC6BF64}"
EndProject
Global
	GlobalSection(SolutionConfigurationPlatforms) = preSolution
		Debug|Any CPU = Debug|Any CPU
		Release|Any CPU = Release|Any CPU
	EndGlobalSection
	GlobalSection(ProjectConfigurationPlatforms) = postSolution
		{60BEC9D2-F8F3-464B-B2F8-6CC53CC6BF64}.Debug|Any CPU.ActiveCfg = Debug|Any CPU
		{60BEC9D2-F8F3-464B-B2F8-6CC53CC6BF64}.Debug|Any CPU.Build.0 = Debug|Any CPU
		{60BEC9D2-F8F3-464B-B2F8-6CC53CC6BF64}.Release|Any CPU.ActiveCfg = Release|Any CPU
		{60BEC9D2-F8F3-464B-B2F8-6CC53CC6BF64}.Release|Any CPU.Build.0 = Release|Any CPU
	EndGlobalSection
	GlobalSection(SolutionProperties) = preSolution
		HideSolutionNode = FALSE
	EndGlobalSection
	GlobalSection(ExtensibilityGlobals) = postSolution
		SolutionGuid = {D4300F4C-52C0-4D0F-A75A-B7944D53ED2E}
	EndGlobalSection
EndGlobal
