
Microsoft Visual Studio Solution File, Format Version 12.00
# Visual Studio 15
VisualStudioVersion = 15.0.26730.12
MinimumVisualStudioVersion = 10.0.40219.1
Project("{FAE04EC0-301F-11D3-BF4B-00C04F79EFBC}") = "CandyShop", "CandyShop\CandyShop.csproj", "{87002813-B024-4299-8EF1-47C0AEAC8D08}"
EndProject
Global
	GlobalSection(SolutionConfigurationPlatforms) = preSolution
		Debug|Any CPU = Debug|Any CPU
		Release|Any CPU = Release|Any CPU
	EndGlobalSection
	GlobalSection(ProjectConfigurationPlatforms) = postSolution
		{87002813-B024-4299-8EF1-47C0AEAC8D08}.Debug|Any CPU.ActiveCfg = Debug|Any CPU
		{87002813-B024-4299-8EF1-47C0AEAC8D08}.Debug|Any CPU.Build.0 = Debug|Any CPU
		{87002813-B024-4299-8EF1-47C0AEAC8D08}.Release|Any CPU.ActiveCfg = Release|Any CPU
		{87002813-B024-4299-8EF1-47C0AEAC8D08}.Release|Any CPU.Build.0 = Release|Any CPU
	EndGlobalSection
	GlobalSection(SolutionProperties) = preSolution
		HideSolutionNode = FALSE
	EndGlobalSection
	GlobalSection(ExtensibilityGlobals) = postSolution
		SolutionGuid = {63886E24-1D6B-407C-95F8-230A0B978997}
	EndGlobalSection
EndGlobal
