
Microsoft Visual Studio Solution File, Format Version 12.00
# Visual Studio 15
VisualStudioVersion = 15.0.27004.2005
MinimumVisualStudioVersion = 10.0.40219.1
Project("{FAE04EC0-301F-11D3-BF4B-00C04F79EFBC}") = "GrootApp", "GrootApp\GrootApp.csproj", "{6F388983-6075-41BA-812E-DCEB57801044}"
EndProject
Project("{FAE04EC0-301F-11D3-BF4B-00C04F79EFBC}") = "GrootApp.IntegrationTests", "GrootApp.IntegrationTests\GrootApp.IntegrationTests.csproj", "{A454307A-90B3-4C16-B0BA-78BB292248C8}"
EndProject
Global
	GlobalSection(SolutionConfigurationPlatforms) = preSolution
		Debug|Any CPU = Debug|Any CPU
		Release|Any CPU = Release|Any CPU
	EndGlobalSection
	GlobalSection(ProjectConfigurationPlatforms) = postSolution
		{6F388983-6075-41BA-812E-DCEB57801044}.Debug|Any CPU.ActiveCfg = Debug|Any CPU
		{6F388983-6075-41BA-812E-DCEB57801044}.Debug|Any CPU.Build.0 = Debug|Any CPU
		{6F388983-6075-41BA-812E-DCEB57801044}.Release|Any CPU.ActiveCfg = Release|Any CPU
		{6F388983-6075-41BA-812E-DCEB57801044}.Release|Any CPU.Build.0 = Release|Any CPU
		{A454307A-90B3-4C16-B0BA-78BB292248C8}.Debug|Any CPU.ActiveCfg = Debug|Any CPU
		{A454307A-90B3-4C16-B0BA-78BB292248C8}.Debug|Any CPU.Build.0 = Debug|Any CPU
		{A454307A-90B3-4C16-B0BA-78BB292248C8}.Release|Any CPU.ActiveCfg = Release|Any CPU
		{A454307A-90B3-4C16-B0BA-78BB292248C8}.Release|Any CPU.Build.0 = Release|Any CPU
	EndGlobalSection
	GlobalSection(SolutionProperties) = preSolution
		HideSolutionNode = FALSE
	EndGlobalSection
	GlobalSection(ExtensibilityGlobals) = postSolution
		SolutionGuid = {ED2214BE-094D-4A11-B49C-11CF94E7BC2F}
	EndGlobalSection
EndGlobal
