
Microsoft Visual Studio Solution File, Format Version 12.00
# Visual Studio 15
VisualStudioVersion = 15.0.26730.12
MinimumVisualStudioVersion = 10.0.40219.1
Project("{FAE04EC0-301F-11D3-BF4B-00C04F79EFBC}") = "DivideByZero", "DivideByZero\DivideByZero.csproj", "{938C7BA0-7A00-439E-93C3-4475B754EAE1}"
EndProject
Global
	GlobalSection(SolutionConfigurationPlatforms) = preSolution
		Debug|Any CPU = Debug|Any CPU
		Release|Any CPU = Release|Any CPU
	EndGlobalSection
	GlobalSection(ProjectConfigurationPlatforms) = postSolution
		{938C7BA0-7A00-439E-93C3-4475B754EAE1}.Debug|Any CPU.ActiveCfg = Debug|Any CPU
		{938C7BA0-7A00-439E-93C3-4475B754EAE1}.Debug|Any CPU.Build.0 = Debug|Any CPU
		{938C7BA0-7A00-439E-93C3-4475B754EAE1}.Release|Any CPU.ActiveCfg = Release|Any CPU
		{938C7BA0-7A00-439E-93C3-4475B754EAE1}.Release|Any CPU.Build.0 = Release|Any CPU
	EndGlobalSection
	GlobalSection(SolutionProperties) = preSolution
		HideSolutionNode = FALSE
	EndGlobalSection
	GlobalSection(ExtensibilityGlobals) = postSolution
		SolutionGuid = {2748BE0E-9722-49BE-ACD5-10F47142BAEB}
	EndGlobalSection
EndGlobal
