
Microsoft Visual Studio Solution File, Format Version 12.00
# Visual Studio 15
VisualStudioVersion = 15.0.26730.16
MinimumVisualStudioVersion = 10.0.40219.1
Project("{FAE04EC0-301F-11D3-BF4B-00C04F79EFBC}") = "CountLetters", "CountLetters\CountLetters.csproj", "{F682BF64-6478-4658-B06A-1EADBD055B71}"
EndProject
Project("{FAE04EC0-301F-11D3-BF4B-00C04F79EFBC}") = "CountLettersTest", "CountLettersTest\CountLettersTest.csproj", "{E1664B1C-2586-4CDA-8621-9812C8BBE6AB}"
EndProject
Global
	GlobalSection(SolutionConfigurationPlatforms) = preSolution
		Debug|Any CPU = Debug|Any CPU
		Release|Any CPU = Release|Any CPU
	EndGlobalSection
	GlobalSection(ProjectConfigurationPlatforms) = postSolution
		{F682BF64-6478-4658-B06A-1EADBD055B71}.Debug|Any CPU.ActiveCfg = Debug|Any CPU
		{F682BF64-6478-4658-B06A-1EADBD055B71}.Debug|Any CPU.Build.0 = Debug|Any CPU
		{F682BF64-6478-4658-B06A-1EADBD055B71}.Release|Any CPU.ActiveCfg = Release|Any CPU
		{F682BF64-6478-4658-B06A-1EADBD055B71}.Release|Any CPU.Build.0 = Release|Any CPU
		{E1664B1C-2586-4CDA-8621-9812C8BBE6AB}.Debug|Any CPU.ActiveCfg = Debug|Any CPU
		{E1664B1C-2586-4CDA-8621-9812C8BBE6AB}.Debug|Any CPU.Build.0 = Debug|Any CPU
		{E1664B1C-2586-4CDA-8621-9812C8BBE6AB}.Release|Any CPU.ActiveCfg = Release|Any CPU
		{E1664B1C-2586-4CDA-8621-9812C8BBE6AB}.Release|Any CPU.Build.0 = Release|Any CPU
	EndGlobalSection
	GlobalSection(SolutionProperties) = preSolution
		HideSolutionNode = FALSE
	EndGlobalSection
	GlobalSection(ExtensibilityGlobals) = postSolution
		SolutionGuid = {C20B8EC3-1FCB-4B15-8540-33E27CBBF218}
	EndGlobalSection
EndGlobal
