
Microsoft Visual Studio Solution File, Format Version 12.00
# Visual Studio 15
VisualStudioVersion = 15.0.26730.12
MinimumVisualStudioVersion = 10.0.40219.1
Project("{FAE04EC0-301F-11D3-BF4B-00C04F79EFBC}") = "PrintBigger", "PrintBigger\PrintBigger.csproj", "{8BC3C290-7045-4BA2-B2C1-F6BA824E8A04}"
EndProject
Global
	GlobalSection(SolutionConfigurationPlatforms) = preSolution
		Debug|Any CPU = Debug|Any CPU
		Release|Any CPU = Release|Any CPU
	EndGlobalSection
	GlobalSection(ProjectConfigurationPlatforms) = postSolution
		{8BC3C290-7045-4BA2-B2C1-F6BA824E8A04}.Debug|Any CPU.ActiveCfg = Debug|Any CPU
		{8BC3C290-7045-4BA2-B2C1-F6BA824E8A04}.Debug|Any CPU.Build.0 = Debug|Any CPU
		{8BC3C290-7045-4BA2-B2C1-F6BA824E8A04}.Release|Any CPU.ActiveCfg = Release|Any CPU
		{8BC3C290-7045-4BA2-B2C1-F6BA824E8A04}.Release|Any CPU.Build.0 = Release|Any CPU
	EndGlobalSection
	GlobalSection(SolutionProperties) = preSolution
		HideSolutionNode = FALSE
	EndGlobalSection
	GlobalSection(ExtensibilityGlobals) = postSolution
		SolutionGuid = {5283B125-D7BF-4D26-A5F2-9403A76A5DEE}
	EndGlobalSection
EndGlobal
