
Microsoft Visual Studio Solution File, Format Version 12.00
# Visual Studio 15
VisualStudioVersion = 15.0.26730.12
MinimumVisualStudioVersion = 10.0.40219.1
Project("{FAE04EC0-301F-11D3-BF4B-00C04F79EFBC}") = "PartyIndicator", "PartyIndicator\PartyIndicator.csproj", "{776918D8-DEFE-47F2-8ED2-BF6BD5EE057C}"
EndProject
Global
	GlobalSection(SolutionConfigurationPlatforms) = preSolution
		Debug|Any CPU = Debug|Any CPU
		Release|Any CPU = Release|Any CPU
	EndGlobalSection
	GlobalSection(ProjectConfigurationPlatforms) = postSolution
		{776918D8-DEFE-47F2-8ED2-BF6BD5EE057C}.Debug|Any CPU.ActiveCfg = Debug|Any CPU
		{776918D8-DEFE-47F2-8ED2-BF6BD5EE057C}.Debug|Any CPU.Build.0 = Debug|Any CPU
		{776918D8-DEFE-47F2-8ED2-BF6BD5EE057C}.Release|Any CPU.ActiveCfg = Release|Any CPU
		{776918D8-DEFE-47F2-8ED2-BF6BD5EE057C}.Release|Any CPU.Build.0 = Release|Any CPU
	EndGlobalSection
	GlobalSection(SolutionProperties) = preSolution
		HideSolutionNode = FALSE
	EndGlobalSection
	GlobalSection(ExtensibilityGlobals) = postSolution
		SolutionGuid = {27A9FA63-0563-4D9E-ADEB-2AB064D816E6}
	EndGlobalSection
EndGlobal
